
Microsoft Visual Studio Solution File, Format Version 12.00
# Visual Studio Version 17
VisualStudioVersion = 17.11.35219.272
MinimumVisualStudioVersion = 10.0.40219.1
Project("{FAE04EC0-301F-11D3-BF4B-00C04F79EFBC}") = "Customerlist", "Customerlist\Customerlist.csproj", "{F68044DB-79AF-4E1A-B494-9F7F85479703}"
EndProject
Global
	GlobalSection(SolutionConfigurationPlatforms) = preSolution
		Debug|Any CPU = Debug|Any CPU
		Release|Any CPU = Release|Any CPU
	EndGlobalSection
	GlobalSection(ProjectConfigurationPlatforms) = postSolution
		{F68044DB-79AF-4E1A-B494-9F7F85479703}.Debug|Any CPU.ActiveCfg = Debug|Any CPU
		{F68044DB-79AF-4E1A-B494-9F7F85479703}.Debug|Any CPU.Build.0 = Debug|Any CPU
		{F68044DB-79AF-4E1A-B494-9F7F85479703}.Release|Any CPU.ActiveCfg = Release|Any CPU
		{F68044DB-79AF-4E1A-B494-9F7F85479703}.Release|Any CPU.Build.0 = Release|Any CPU
	EndGlobalSection
	GlobalSection(SolutionProperties) = preSolution
		HideSolutionNode = FALSE
	EndGlobalSection
	GlobalSection(ExtensibilityGlobals) = postSolution
		SolutionGuid = {31160242-922A-4EDE-9D5D-EFF493AB5B24}
	EndGlobalSection
EndGlobal
